
Microsoft Visual Studio Solution File, Format Version 12.00
# Visual Studio 15
VisualStudioVersion = 15.0.27130.2010
MinimumVisualStudioVersion = 10.0.40219.1
Project("{FAE04EC0-301F-11D3-BF4B-00C04F79EFBC}") = "SchoolManagementAPI", "SchoolManagementAPI\SchoolManagementAPI.csproj", "{2BA4D62A-0929-48DC-B565-C90B1BCB87FE}"
EndProject
Global
	GlobalSection(SolutionConfigurationPlatforms) = preSolution
		Debug|Any CPU = Debug|Any CPU
		Release|Any CPU = Release|Any CPU
	EndGlobalSection
	GlobalSection(ProjectConfigurationPlatforms) = postSolution
		{2BA4D62A-0929-48DC-B565-C90B1BCB87FE}.Debug|Any CPU.ActiveCfg = Debug|Any CPU
		{2BA4D62A-0929-48DC-B565-C90B1BCB87FE}.Debug|Any CPU.Build.0 = Debug|Any CPU
		{2BA4D62A-0929-48DC-B565-C90B1BCB87FE}.Release|Any CPU.ActiveCfg = Release|Any CPU
		{2BA4D62A-0929-48DC-B565-C90B1BCB87FE}.Release|Any CPU.Build.0 = Release|Any CPU
	EndGlobalSection
	GlobalSection(SolutionProperties) = preSolution
		HideSolutionNode = FALSE
	EndGlobalSection
	GlobalSection(ExtensibilityGlobals) = postSolution
		SolutionGuid = {4FBD63F3-AE4A-499E-AFF5-1B85F5F0E622}
	EndGlobalSection
EndGlobal
