
Microsoft Visual Studio Solution File, Format Version 12.00
# Visual Studio 15
VisualStudioVersion = 15.0.27130.2010
MinimumVisualStudioVersion = 10.0.40219.1
Project("{FAE04EC0-301F-11D3-BF4B-00C04F79EFBC}") = "SchoolManagementWeb", "SchoolManagementWeb\SchoolManagementWeb.csproj", "{751BBED0-126E-4EC7-B6F5-A2E2EA66BC00}"
EndProject
Global
	GlobalSection(SolutionConfigurationPlatforms) = preSolution
		Debug|Any CPU = Debug|Any CPU
		Release|Any CPU = Release|Any CPU
	EndGlobalSection
	GlobalSection(ProjectConfigurationPlatforms) = postSolution
		{751BBED0-126E-4EC7-B6F5-A2E2EA66BC00}.Debug|Any CPU.ActiveCfg = Debug|Any CPU
		{751BBED0-126E-4EC7-B6F5-A2E2EA66BC00}.Debug|Any CPU.Build.0 = Debug|Any CPU
		{751BBED0-126E-4EC7-B6F5-A2E2EA66BC00}.Release|Any CPU.ActiveCfg = Release|Any CPU
		{751BBED0-126E-4EC7-B6F5-A2E2EA66BC00}.Release|Any CPU.Build.0 = Release|Any CPU
	EndGlobalSection
	GlobalSection(SolutionProperties) = preSolution
		HideSolutionNode = FALSE
	EndGlobalSection
	GlobalSection(ExtensibilityGlobals) = postSolution
		SolutionGuid = {CB3B2A29-85ED-424C-8EDB-4D7D50DCFC10}
	EndGlobalSection
EndGlobal
